
Microsoft Visual Studio Solution File, Format Version 12.00
# Visual Studio Version 16
VisualStudioVersion = 16.0.31729.503
MinimumVisualStudioVersion = 10.0.40219.1
Project("{FAE04EC0-301F-11D3-BF4B-00C04F79EFBC}") = "Servicios.api.Libreria", "Servicios.api.Libreria\Servicios.api.Libreria.csproj", "{AF409788-0407-4451-93D4-AFC4AD0B1E5A}"
EndProject
Global
	GlobalSection(SolutionConfigurationPlatforms) = preSolution
		Debug|Any CPU = Debug|Any CPU
		Release|Any CPU = Release|Any CPU
	EndGlobalSection
	GlobalSection(ProjectConfigurationPlatforms) = postSolution
		{AF409788-0407-4451-93D4-AFC4AD0B1E5A}.Debug|Any CPU.ActiveCfg = Debug|Any CPU
		{AF409788-0407-4451-93D4-AFC4AD0B1E5A}.Debug|Any CPU.Build.0 = Debug|Any CPU
		{AF409788-0407-4451-93D4-AFC4AD0B1E5A}.Release|Any CPU.ActiveCfg = Release|Any CPU
		{AF409788-0407-4451-93D4-AFC4AD0B1E5A}.Release|Any CPU.Build.0 = Release|Any CPU
	EndGlobalSection
	GlobalSection(SolutionProperties) = preSolution
		HideSolutionNode = FALSE
	EndGlobalSection
	GlobalSection(ExtensibilityGlobals) = postSolution
		SolutionGuid = {0292A557-B273-464E-93C3-086426CA1208}
	EndGlobalSection
EndGlobal
